// !$*UTF8*$!
{
	archiveVersion = 1;
	classes = {
	};
	objectVersion = 46;
	objects = {

/* Begin PBXBuildFile section */
		3FC89EE71B6369BA009FE353 /* main.m in Sources */ = {isa = PBXBuildFile; fileRef = 3FC89EE61B6369BA009FE353 /* main.m */; };
		3FC89EEA1B6369BA009FE353 /* AppDelegate.m in Sources */ = {isa = PBXBuildFile; fileRef = 3FC89EE91B6369BA009FE353 /* AppDelegate.m */; };
		3FC89EED1B6369BA009FE353 /* ViewController.m in Sources */ = {isa = PBXBuildFile; fileRef = 3FC89EEC1B6369BA009FE353 /* ViewController.m */; };
		3FC89EF01B6369BA009FE353 /* Main.storyboard in Resources */ = {isa = PBXBuildFile; fileRef = 3FC89EEE1B6369BA009FE353 /* Main.storyboard */; };
		3FC89EF21B6369BA009FE353 /* Images.xcassets in Resources */ = {isa = PBXBuildFile; fileRef = 3FC89EF11B6369BA009FE353 /* Images.xcassets */; };
		3FC89EF51B6369BA009FE353 /* LaunchScreen.xib in Resources */ = {isa = PBXBuildFile; fileRef = 3FC89EF31B6369BA009FE353 /* LaunchScreen.xib */; };
		3FC89F011B6369BA009FE353 /* EventAndResponseTests.m in Sources */ = {isa = PBXBuildFile; fileRef = 3FC89F001B6369BA009FE353 /* EventAndResponseTests.m */; };
		3FC89F0D1B63D247009FE353 /* EventTestView1.m in Sources */ = {isa = PBXBuildFile; fileRef = 3FC89F0C1B63D247009FE353 /* EventTestView1.m */; };
		3FC89F101B63D25F009FE353 /* EventTestView2.m in Sources */ = {isa = PBXBuildFile; fileRef = 3FC89F0F1B63D25F009FE353 /* EventTestView2.m */; };
		3FC89F131B64BF14009FE353 /* EventTestButton.m in Sources */ = {isa = PBXBuildFile; fileRef = 3FC89F121B64BF14009FE353 /* EventTestButton.m */; };
/* End PBXBuildFile section */

/* Begin PBXContainerItemProxy section */
		3FC89EFB1B6369BA009FE353 /* PBXContainerItemProxy */ = {
			isa = PBXContainerItemProxy;
			containerPortal = 3FC89ED91B6369BA009FE353 /* Project object */;
			proxyType = 1;
			remoteGlobalIDString = 3FC89EE01B6369BA009FE353;
			remoteInfo = EventAndResponse;
		};
/* End PBXContainerItemProxy section */

/* Begin PBXFileReference section */
		3FC89EE11B6369BA009FE353 /* EventAndResponse.app */ = {isa = PBXFileReference; explicitFileType = wrapper.application; includeInIndex = 0; path = EventAndResponse.app; sourceTree = BUILT_PRODUCTS_DIR; };
		3FC89EE51B6369BA009FE353 /* Info.plist */ = {isa = PBXFileReference; lastKnownFileType = text.plist.xml; path = Info.plist; sourceTree = "<group>"; };
		3FC89EE61B6369BA009FE353 /* main.m */ = {isa = PBXFileReference; lastKnownFileType = sourcecode.c.objc; path = main.m; sourceTree = "<group>"; };
		3FC89EE81B6369BA009FE353 /* AppDelegate.h */ = {isa = PBXFileReference; lastKnownFileType = sourcecode.c.h; path = AppDelegate.h; sourceTree = "<group>"; };
		3FC89EE91B6369BA009FE353 /* AppDelegate.m */ = {isa = PBXFileReference; lastKnownFileType = sourcecode.c.objc; path = AppDelegate.m; sourceTree = "<group>"; };
		3FC89EEB1B6369BA009FE353 /* ViewController.h */ = {isa = PBXFileReference; lastKnownFileType = sourcecode.c.h; path = ViewController.h; sourceTree = "<group>"; };
		3FC89EEC1B6369BA009FE353 /* ViewController.m */ = {isa = PBXFileReference; lastKnownFileType = sourcecode.c.objc; path = ViewController.m; sourceTree = "<group>"; };
		3FC89EEF1B6369BA009FE353 /* Base */ = {isa = PBXFileReference; lastKnownFileType = file.storyboard; name = Base; path = Base.lproj/Main.storyboard; sourceTree = "<group>"; };
		3FC89EF11B6369BA009FE353 /* Images.xcassets */ = {isa = PBXFileReference; lastKnownFileType = folder.assetcatalog; path = Images.xcassets; sourceTree = "<group>"; };
		3FC89EF41B6369BA009FE353 /* Base */ = {isa = PBXFileReference; lastKnownFileType = file.xib; name = Base; path = Base.lproj/LaunchScreen.xib; sourceTree = "<group>"; };
		3FC89EFA1B6369BA009FE353 /* EventAndResponseTests.xctest */ = {isa = PBXFileReference; explicitFileType = wrapper.cfbundle; includeInIndex = 0; path = EventAndResponseTests.xctest; sourceTree = BUILT_PRODUCTS_DIR; };
		3FC89EFF1B6369BA009FE353 /* Info.plist */ = {isa = PBXFileReference; lastKnownFileType = text.plist.xml; path = Info.plist; sourceTree = "<group>"; };
		3FC89F001B6369BA009FE353 /* EventAndResponseTests.m */ = {isa = PBXFileReference; lastKnownFileType = sourcecode.c.objc; path = EventAndResponseTests.m; sourceTree = "<group>"; };
		3FC89F0B1B63D247009FE353 /* EventTestView1.h */ = {isa = PBXFileReference; fileEncoding = 4; lastKnownFileType = sourcecode.c.h; path = EventTestView1.h; sourceTree = "<group>"; };
		3FC89F0C1B63D247009FE353 /* EventTestView1.m */ = {isa = PBXFileReference; fileEncoding = 4; lastKnownFileType = sourcecode.c.objc; path = EventTestView1.m; sourceTree = "<group>"; };
		3FC89F0E1B63D25F009FE353 /* EventTestView2.h */ = {isa = PBXFileReference; fileEncoding = 4; lastKnownFileType = sourcecode.c.h; path = EventTestView2.h; sourceTree = "<group>"; };
		3FC89F0F1B63D25F009FE353 /* EventTestView2.m */ = {isa = PBXFileReference; fileEncoding = 4; lastKnownFileType = sourcecode.c.objc; path = EventTestView2.m; sourceTree = "<group>"; };
		3FC89F111B64BF14009FE353 /* EventTestButton.h */ = {isa = PBXFileReference; fileEncoding = 4; lastKnownFileType = sourcecode.c.h; path = EventTestButton.h; sourceTree = "<group>"; };
		3FC89F121B64BF14009FE353 /* EventTestButton.m */ = {isa = PBXFileReference; fileEncoding = 4; lastKnownFileType = sourcecode.c.objc; path = EventTestButton.m; sourceTree = "<group>"; };
/* End PBXFileReference section */

/* Begin PBXFrameworksBuildPhase section */
		3FC89EDE1B6369BA009FE353 /* Frameworks */ = {
			isa = PBXFrameworksBuildPhase;
			buildActionMask = 2147483647;
			files = (
			);
			runOnlyForDeploymentPostprocessing = 0;
		};
		3FC89EF71B6369BA009FE353 /* Frameworks */ = {
			isa = PBXFrameworksBuildPhase;
			buildActionMask = 2147483647;
			files = (
			);
			runOnlyForDeploymentPostprocessing = 0;
		};
/* End PBXFrameworksBuildPhase section */

/* Begin PBXGroup section */
		3FC89ED81B6369BA009FE353 = {
			isa = PBXGroup;
			children = (
				3FC89EE31B6369BA009FE353 /* EventAndResponse */,
				3FC89EFD1B6369BA009FE353 /* EventAndResponseTests */,
				3FC89EE21B6369BA009FE353 /* Products */,
			);
			sourceTree = "<group>";
		};
		3FC89EE21B6369BA009FE353 /* Products */ = {
			isa = PBXGroup;
			children = (
				3FC89EE11B6369BA009FE353 /* EventAndResponse.app */,
				3FC89EFA1B6369BA009FE353 /* EventAndResponseTests.xctest */,
			);
			name = Products;
			sourceTree = "<group>";
		};
		3FC89EE31B6369BA009FE353 /* EventAndResponse */ = {
			isa = PBXGroup;
			children = (
				3FC89F0A1B636A46009FE353 /* UI */,
				3FC89EE81B6369BA009FE353 /* AppDelegate.h */,
				3FC89EE91B6369BA009FE353 /* AppDelegate.m */,
				3FC89EEB1B6369BA009FE353 /* ViewController.h */,
				3FC89EEC1B6369BA009FE353 /* ViewController.m */,
				3FC89EEE1B6369BA009FE353 /* Main.storyboard */,
				3FC89EF11B6369BA009FE353 /* Images.xcassets */,
				3FC89EF31B6369BA009FE353 /* LaunchScreen.xib */,
				3FC89EE41B6369BA009FE353 /* Supporting Files */,
			);
			path = EventAndResponse;
			sourceTree = "<group>";
		};
		3FC89EE41B6369BA009FE353 /* Supporting Files */ = {
			isa = PBXGroup;
			children = (
				3FC89EE51B6369BA009FE353 /* Info.plist */,
				3FC89EE61B6369BA009FE353 /* main.m */,
			);
			name = "Supporting Files";
			sourceTree = "<group>";
		};
		3FC89EFD1B6369BA009FE353 /* EventAndResponseTests */ = {
			isa = PBXGroup;
			children = (
				3FC89F001B6369BA009FE353 /* EventAndResponseTests.m */,
				3FC89EFE1B6369BA009FE353 /* Supporting Files */,
			);
			path = EventAndResponseTests;
			sourceTree = "<group>";
		};
		3FC89EFE1B6369BA009FE353 /* Supporting Files */ = {
			isa = PBXGroup;
			children = (
				3FC89EFF1B6369BA009FE353 /* Info.plist */,
			);
			name = "Supporting Files";
			sourceTree = "<group>";
		};
		3FC89F0A1B636A46009FE353 /* UI */ = {
			isa = PBXGroup;
			children = (
				3FC89F0B1B63D247009FE353 /* EventTestView1.h */,
				3FC89F0C1B63D247009FE353 /* EventTestView1.m */,
				3FC89F0E1B63D25F009FE353 /* EventTestView2.h */,
				3FC89F0F1B63D25F009FE353 /* EventTestView2.m */,
				3FC89F111B64BF14009FE353 /* EventTestButton.h */,
				3FC89F121B64BF14009FE353 /* EventTestButton.m */,
			);
			path = UI;
			sourceTree = "<group>";
		};
/* End PBXGroup section */

/* Begin PBXNativeTarget section */
		3FC89EE01B6369BA009FE353 /* EventAndResponse */ = {
			isa = PBXNativeTarget;
			buildConfigurationList = 3FC89F041B6369BA009FE353 /* Build configuration list for PBXNativeTarget "EventAndResponse" */;
			buildPhases = (
				3FC89EDD1B6369BA009FE353 /* Sources */,
				3FC89EDE1B6369BA009FE353 /* Frameworks */,
				3FC89EDF1B6369BA009FE353 /* Resources */,
			);
			buildRules = (
			);
			dependencies = (
			);
			name = EventAndResponse;
			productName = EventAndResponse;
			productReference = 3FC89EE11B6369BA009FE353 /* EventAndResponse.app */;
			productType = "com.apple.product-type.application";
		};
		3FC89EF91B6369BA009FE353 /* EventAndResponseTests */ = {
			isa = PBXNativeTarget;
			buildConfigurationList = 3FC89F071B6369BA009FE353 /* Build configuration list for PBXNativeTarget "EventAndResponseTests" */;
			buildPhases = (
				3FC89EF61B6369BA009FE353 /* Sources */,
				3FC89EF71B6369BA009FE353 /* Frameworks */,
				3FC89EF81B6369BA009FE353 /* Resources */,
			);
			buildRules = (
			);
			dependencies = (
				3FC89EFC1B6369BA009FE353 /* PBXTargetDependency */,
			);
			name = EventAndResponseTests;
			productName = EventAndResponseTests;
			productReference = 3FC89EFA1B6369BA009FE353 /* EventAndResponseTests.xctest */;
			productType = "com.apple.product-type.bundle.unit-test";
		};
/* End PBXNativeTarget section */

/* Begin PBXProject section */
		3FC89ED91B6369BA009FE353 /* Project object */ = {
			isa = PBXProject;
			attributes = {
				LastUpgradeCheck = 0630;
				ORGANIZATIONNAME = GongZiYuan;
				TargetAttributes = {
					3FC89EE01B6369BA009FE353 = {
						CreatedOnToolsVersion = 6.3;
					};
					3FC89EF91B6369BA009FE353 = {
						CreatedOnToolsVersion = 6.3;
						TestTargetID = 3FC89EE01B6369BA009FE353;
					};
				};
			};
			buildConfigurationList = 3FC89EDC1B6369BA009FE353 /* Build configuration list for PBXProject "EventAndResponse" */;
			compatibilityVersion = "Xcode 3.2";
			developmentRegion = English;
			hasScannedForEncodings = 0;
			knownRegions = (
				en,
				Base,
			);
			mainGroup = 3FC89ED81B6369BA009FE353;
			productRefGroup = 3FC89EE21B6369BA009FE353 /* Products */;
			projectDirPath = "";
			projectRoot = "";
			targets = (
				3FC89EE01B6369BA009FE353 /* EventAndResponse */,
				3FC89EF91B6369BA009FE353 /* EventAndResponseTests */,
			);
		};
/* End PBXProject section */

/* Begin PBXResourcesBuildPhase section */
		3FC89EDF1B6369BA009FE353 /* Resources */ = {
			isa = PBXResourcesBuildPhase;
			buildActionMask = 2147483647;
			files = (
				3FC89EF01B6369BA009FE353 /* Main.storyboard in Resources */,
				3FC89EF51B6369BA009FE353 /* LaunchScreen.xib in Resources */,
				3FC89EF21B6369BA009FE353 /* Images.xcassets in Resources */,
			);
			runOnlyForDeploymentPostprocessing = 0;
		};
		3FC89EF81B6369BA009FE353 /* Resources */ = {
			isa = PBXResourcesBuildPhase;
			buildActionMask = 2147483647;
			files = (
			);
			runOnlyForDeploymentPostprocessing = 0;
		};
/* End PBXResourcesBuildPhase section */

/* Begin PBXSourcesBuildPhase section */
		3FC89EDD1B6369BA009FE353 /* Sources */ = {
			isa = PBXSourcesBuildPhase;
			buildActionMask = 2147483647;
			files = (
				3FC89EED1B6369BA009FE353 /* ViewController.m in Sources */,
				3FC89F0D1B63D247009FE353 /* EventTestView1.m in Sources */,
				3FC89EEA1B6369BA009FE353 /* AppDelegate.m in Sources */,
				3FC89EE71B6369BA009FE353 /* main.m in Sources */,
				3FC89F131B64BF14009FE353 /* EventTestButton.m in Sources */,
				3FC89F101B63D25F009FE353 /* EventTestView2.m in Sources */,
			);
			runOnlyForDeploymentPostprocessing = 0;
		};
		3FC89EF61B6369BA009FE353 /* Sources */ = {
			isa = PBXSourcesBuildPhase;
			buildActionMask = 2147483647;
			files = (
				3FC89F011B6369BA009FE353 /* EventAndResponseTests.m in Sources */,
			);
			runOnlyForDeploymentPostprocessing = 0;
		};
/* End PBXSourcesBuildPhase section */

/* Begin PBXTargetDependency section */
		3FC89EFC1B6369BA009FE353 /* PBXTargetDependency */ = {
			isa = PBXTargetDependency;
			target = 3FC89EE01B6369BA009FE353 /* EventAndResponse */;
			targetProxy = 3FC89EFB1B6369BA009FE353 /* PBXContainerItemProxy */;
		};
/* End PBXTargetDependency section */

/* Begin PBXVariantGroup section */
		3FC89EEE1B6369BA009FE353 /* Main.storyboard */ = {
			isa = PBXVariantGroup;
			children = (
				3FC89EEF1B6369BA009FE353 /* Base */,
			);
			name = Main.storyboard;
			sourceTree = "<group>";
		};
		3FC89EF31B6369BA009FE353 /* LaunchScreen.xib */ = {
			isa = PBXVariantGroup;
			children = (
				3FC89EF41B6369BA009FE353 /* Base */,
			);
			name = LaunchScreen.xib;
			sourceTree = "<group>";
		};
/* End PBXVariantGroup section */

/* Begin XCBuildConfiguration section */
		3FC89F021B6369BA009FE353 /* Debug */ = {
			isa = XCBuildConfiguration;
			buildSettings = {
				ALWAYS_SEARCH_USER_PATHS = NO;
				CLANG_CXX_LANGUAGE_STANDARD = "gnu++0x";
				CLANG_CXX_LIBRARY = "libc++";
				CLANG_ENABLE_MODULES = YES;
				CLANG_ENABLE_OBJC_ARC = YES;
				CLANG_WARN_BOOL_CONVERSION = YES;
				CLANG_WARN_CONSTANT_CONVERSION = YES;
				CLANG_WARN_DIRECT_OBJC_ISA_USAGE = YES_ERROR;
				CLANG_WARN_EMPTY_BODY = YES;
				CLANG_WARN_ENUM_CONVERSION = YES;
				CLANG_WARN_INT_CONVERSION = YES;
				CLANG_WARN_OBJC_ROOT_CLASS = YES_ERROR;
				CLANG_WARN_UNREACHABLE_CODE = YES;
				CLANG_WARN__DUPLICATE_METHOD_MATCH = YES;
				"CODE_SIGN_IDENTITY[sdk=iphoneos*]" = "iPhone Developer";
				COPY_PHASE_STRIP = NO;
				DEBUG_INFORMATION_FORMAT = "dwarf-with-dsym";
				ENABLE_STRICT_OBJC_MSGSEND = YES;
				GCC_C_LANGUAGE_STANDARD = gnu99;
				GCC_DYNAMIC_NO_PIC = NO;
				GCC_NO_COMMON_BLOCKS = YES;
				GCC_OPTIMIZATION_LEVEL = 0;
				GCC_PREPROCESSOR_DEFINITIONS = (
					"DEBUG=1",
					"$(inherited)",
				);
				GCC_SYMBOLS_PRIVATE_EXTERN = NO;
				GCC_WARN_64_TO_32_BIT_CONVERSION = YES;
				GCC_WARN_ABOUT_RETURN_TYPE = YES_ERROR;
				GCC_WARN_UNDECLARED_SELECTOR = YES;
				GCC_WARN_UNINITIALIZED_AUTOS = YES_AGGRESSIVE;
				GCC_WARN_UNUSED_FUNCTION = YES;
				GCC_WARN_UNUSED_VARIABLE = YES;
				IPHONEOS_DEPLOYMENT_TARGET = 8.3;
				MTL_ENABLE_DEBUG_INFO = YES;
				ONLY_ACTIVE_ARCH = YES;
				SDKROOT = iphoneos;
			};
			name = Debug;
		};
		3FC89F031B6369BA009FE353 /* Release */ = {
			isa = XCBuildConfiguration;
			buildSettings = {
				ALWAYS_SEARCH_USER_PATHS = NO;
				CLANG_CXX_LANGUAGE_STANDARD = "gnu++0x";
				CLANG_CXX_LIBRARY = "libc++";
				CLANG_ENABLE_MODULES = YES;
				CLANG_ENABLE_OBJC_ARC = YES;
				CLANG_WARN_BOOL_CONVERSION = YES;
				CLANG_WARN_CONSTANT_CONVERSION = YES;
				CLANG_WARN_DIRECT_OBJC_ISA_USAGE = YES_ERROR;
				CLANG_WARN_EMPTY_BODY = YES;
				CLANG_WARN_ENUM_CONVERSION = YES;
				CLANG_WARN_INT_CONVERSION = YES;
				CLANG_WARN_OBJC_ROOT_CLASS = YES_ERROR;
				CLANG_WARN_UNREACHABLE_CODE = YES;
				CLANG_WARN__DUPLICATE_METHOD_MATCH = YES;
				"CODE_SIGN_IDENTITY[sdk=iphoneos*]" = "iPhone Developer";
				COPY_PHASE_STRIP = NO;
				DEBUG_INFORMATION_FORMAT = "dwarf-with-dsym";
				ENABLE_NS_ASSERTIONS = NO;
				ENABLE_STRICT_OBJC_MSGSEND = YES;
				GCC_C_LANGUAGE_STANDARD = gnu99;
				GCC_NO_COMMON_BLOCKS = YES;
				GCC_WARN_64_TO_32_BIT_CONVERSION = YES;
				GCC_WARN_ABOUT_RETURN_TYPE = YES_ERROR;
				GCC_WARN_UNDECLARED_SELECTOR = YES;
				GCC_WARN_UNINITIALIZED_AUTOS = YES_AGGRESSIVE;
				GCC_WARN_UNUSED_FUNCTION = YES;
				GCC_WARN_UNUSED_VARIABLE = YES;
				IPHONEOS_DEPLOYMENT_TARGET = 8.3;
				MTL_ENABLE_DEBUG_INFO = NO;
				SDKROOT = iphoneos;
				VALIDATE_PRODUCT = YES;
			};
			name = Release;
		};
		3FC89F051B6369BA009FE353 /* Debug */ = {
			isa = XCBuildConfiguration;
			buildSettings = {
				ASSETCATALOG_COMPILER_APPICON_NAME = AppIcon;
				INFOPLIST_FILE = EventAndResponse/Info.plist;
				LD_RUNPATH_SEARCH_PATHS = "$(inherited) @executable_path/Frameworks";
				PRODUCT_NAME = "$(TARGET_NAME)";
			};
			name = Debug;
		};
		3FC89F061B6369BA009FE353 /* Release */ = {
			isa = XCBuildConfiguration;
			buildSettings = {
				ASSETCATALOG_COMPILER_APPICON_NAME = AppIcon;
				INFOPLIST_FILE = EventAndResponse/Info.plist;
				LD_RUNPATH_SEARCH_PATHS = "$(inherited) @executable_path/Frameworks";
				PRODUCT_NAME = "$(TARGET_NAME)";
			};
			name = Release;
		};
		3FC89F081B6369BA009FE353 /* Debug */ = {
			isa = XCBuildConfiguration;
			buildSettings = {
				BUNDLE_LOADER = "$(TEST_HOST)";
				FRAMEWORK_SEARCH_PATHS = (
					"$(SDKROOT)/Developer/Library/Frameworks",
					"$(inherited)",
				);
				GCC_PREPROCESSOR_DEFINITIONS = (
					"DEBUG=1",
					"$(inherited)",
				);
				INFOPLIST_FILE = EventAndResponseTests/Info.plist;
				LD_RUNPATH_SEARCH_PATHS = "$(inherited) @executable_path/Frameworks @loader_path/Frameworks";
				PRODUCT_NAME = "$(TARGET_NAME)";
				TEST_HOST = "$(BUILT_PRODUCTS_DIR)/EventAndResponse.app/EventAndResponse";
			};
			name = Debug;
		};
		3FC89F091B6369BA009FE353 /* Release */ = {
			isa = XCBuildConfiguration;
			buildSettings = {
				BUNDLE_LOADER = "$(TEST_HOST)";
				FRAMEWORK_SEARCH_PATHS = (
					"$(SDKROOT)/Developer/Library/Frameworks",
					"$(inherited)",
				);
				INFOPLIST_FILE = EventAndResponseTests/Info.plist;
				LD_RUNPATH_SEARCH_PATHS = "$(inherited) @executable_path/Frameworks @loader_path/Frameworks";
				PRODUCT_NAME = "$(TARGET_NAME)";
				TEST_HOST = "$(BUILT_PRODUCTS_DIR)/EventAndResponse.app/EventAndResponse";
			};
			name = Release;
		};
/* End XCBuildConfiguration section */

/* Begin XCConfigurationList section */
		3FC89EDC1B6369BA009FE353 /* Build configuration list for PBXProject "EventAndResponse" */ = {
			isa = XCConfigurationList;
			buildConfigurations = (
				3FC89F021B6369BA009FE353 /* Debug */,
				3FC89F031B6369BA009FE353 /* Release */,
			);
			defaultConfigurationIsVisible = 0;
			defaultConfigurationName = Release;
		};
		3FC89F041B6369BA009FE353 /* Build configuration list for PBXNativeTarget "EventAndResponse" */ = {
			isa = XCConfigurationList;
			buildConfigurations = (
				3FC89F051B6369BA009FE353 /* Debug */,
				3FC89F061B6369BA009FE353 /* Release */,
			);
			defaultConfigurationIsVisible = 0;
		};
		3FC89F071B6369BA009FE353 /* Build configuration list for PBXNativeTarget "EventAndResponseTests" */ = {
			isa = XCConfigurationList;
			buildConfigurations = (
				3FC89F081B6369BA009FE353 /* Debug */,
				3FC89F091B6369BA009FE353 /* Release */,
			);
			defaultConfigurationIsVisible = 0;
		};
/* End XCConfigurationList section */
	};
	rootObject = 3FC89ED91B6369BA009FE353 /* Project object */;
}
